
Microsoft Visual Studio Solution File, Format Version 12.00
# Visual Studio Version 17
VisualStudioVersion = 17.8.34316.72
MinimumVisualStudioVersion = 10.0.40219.1
Project("{FAE04EC0-301F-11D3-BF4B-00C04F79EFBC}") = "Params", "Params\Params.csproj", "{C0D81F95-0859-4693-9EC2-BBA73A40CEAD}"
EndProject
Global
	GlobalSection(SolutionConfigurationPlatforms) = preSolution
		Debug|Any CPU = Debug|Any CPU
		Release|Any CPU = Release|Any CPU
	EndGlobalSection
	GlobalSection(ProjectConfigurationPlatforms) = postSolution
		{C0D81F95-0859-4693-9EC2-BBA73A40CEAD}.Debug|Any CPU.ActiveCfg = Debug|Any CPU
		{C0D81F95-0859-4693-9EC2-BBA73A40CEAD}.Debug|Any CPU.Build.0 = Debug|Any CPU
		{C0D81F95-0859-4693-9EC2-BBA73A40CEAD}.Release|Any CPU.ActiveCfg = Release|Any CPU
		{C0D81F95-0859-4693-9EC2-BBA73A40CEAD}.Release|Any CPU.Build.0 = Release|Any CPU
	EndGlobalSection
	GlobalSection(SolutionProperties) = preSolution
		HideSolutionNode = FALSE
	EndGlobalSection
	GlobalSection(ExtensibilityGlobals) = postSolution
		SolutionGuid = {9F1CC5FB-469F-4AF1-914E-F1122AF174F7}
	EndGlobalSection
EndGlobal
