
Microsoft Visual Studio Solution File, Format Version 12.00
# Visual Studio Version 17
VisualStudioVersion = 17.8.34322.80
MinimumVisualStudioVersion = 10.0.40219.1
Project("{FAE04EC0-301F-11D3-BF4B-00C04F79EFBC}") = "OperacoesTimeSpan", "OperacoesTimeSpan\OperacoesTimeSpan.csproj", "{004275DE-1707-477E-9258-F4B3F638B9DD}"
EndProject
Global
	GlobalSection(SolutionConfigurationPlatforms) = preSolution
		Debug|Any CPU = Debug|Any CPU
		Release|Any CPU = Release|Any CPU
	EndGlobalSection
	GlobalSection(ProjectConfigurationPlatforms) = postSolution
		{004275DE-1707-477E-9258-F4B3F638B9DD}.Debug|Any CPU.ActiveCfg = Debug|Any CPU
		{004275DE-1707-477E-9258-F4B3F638B9DD}.Debug|Any CPU.Build.0 = Debug|Any CPU
		{004275DE-1707-477E-9258-F4B3F638B9DD}.Release|Any CPU.ActiveCfg = Release|Any CPU
		{004275DE-1707-477E-9258-F4B3F638B9DD}.Release|Any CPU.Build.0 = Release|Any CPU
	EndGlobalSection
	GlobalSection(SolutionProperties) = preSolution
		HideSolutionNode = FALSE
	EndGlobalSection
	GlobalSection(ExtensibilityGlobals) = postSolution
		SolutionGuid = {B146B30C-4A2E-421A-BA06-91A1FE2733F0}
	EndGlobalSection
EndGlobal
