
Microsoft Visual Studio Solution File, Format Version 12.00
# Visual Studio Version 17
VisualStudioVersion = 17.8.34322.80
MinimumVisualStudioVersion = 10.0.40219.1
Project("{FAE04EC0-301F-11D3-BF4B-00C04F79EFBC}") = "Exercicio28_Matrizes", "Exercicio28_Matrizes\Exercicio28_Matrizes.csproj", "{BFDEA04B-A68E-4A94-9022-9032F6D60236}"
EndProject
Global
	GlobalSection(SolutionConfigurationPlatforms) = preSolution
		Debug|Any CPU = Debug|Any CPU
		Release|Any CPU = Release|Any CPU
	EndGlobalSection
	GlobalSection(ProjectConfigurationPlatforms) = postSolution
		{BFDEA04B-A68E-4A94-9022-9032F6D60236}.Debug|Any CPU.ActiveCfg = Debug|Any CPU
		{BFDEA04B-A68E-4A94-9022-9032F6D60236}.Debug|Any CPU.Build.0 = Debug|Any CPU
		{BFDEA04B-A68E-4A94-9022-9032F6D60236}.Release|Any CPU.ActiveCfg = Release|Any CPU
		{BFDEA04B-A68E-4A94-9022-9032F6D60236}.Release|Any CPU.Build.0 = Release|Any CPU
	EndGlobalSection
	GlobalSection(SolutionProperties) = preSolution
		HideSolutionNode = FALSE
	EndGlobalSection
	GlobalSection(ExtensibilityGlobals) = postSolution
		SolutionGuid = {EA086190-63EF-4AA0-887A-C1C3A8C795B2}
	EndGlobalSection
EndGlobal
