
Microsoft Visual Studio Solution File, Format Version 12.00
# Visual Studio Version 17
VisualStudioVersion = 17.8.34309.116
MinimumVisualStudioVersion = 10.0.40219.1
Project("{FAE04EC0-301F-11D3-BF4B-00C04F79EFBC}") = "Exercicio07", "Exercicio07\Exercicio07.csproj", "{2E281D7F-FFD2-4D49-9D58-BA761FCD7B44}"
EndProject
Global
	GlobalSection(SolutionConfigurationPlatforms) = preSolution
		Debug|Any CPU = Debug|Any CPU
		Release|Any CPU = Release|Any CPU
	EndGlobalSection
	GlobalSection(ProjectConfigurationPlatforms) = postSolution
		{2E281D7F-FFD2-4D49-9D58-BA761FCD7B44}.Debug|Any CPU.ActiveCfg = Debug|Any CPU
		{2E281D7F-FFD2-4D49-9D58-BA761FCD7B44}.Debug|Any CPU.Build.0 = Debug|Any CPU
		{2E281D7F-FFD2-4D49-9D58-BA761FCD7B44}.Release|Any CPU.ActiveCfg = Release|Any CPU
		{2E281D7F-FFD2-4D49-9D58-BA761FCD7B44}.Release|Any CPU.Build.0 = Release|Any CPU
	EndGlobalSection
	GlobalSection(SolutionProperties) = preSolution
		HideSolutionNode = FALSE
	EndGlobalSection
	GlobalSection(ExtensibilityGlobals) = postSolution
		SolutionGuid = {9EB5B976-2EE8-4AAE-BAE2-7C46D2D08A6C}
	EndGlobalSection
EndGlobal
