
Microsoft Visual Studio Solution File, Format Version 12.00
# Visual Studio Version 17
VisualStudioVersion = 17.8.34330.188
MinimumVisualStudioVersion = 10.0.40219.1
Project("{FAE04EC0-301F-11D3-BF4B-00C04F79EFBC}") = "ExercicioFuncionarios", "ExercicioFuncionarios\ExercicioFuncionarios.csproj", "{09E3E890-4E1A-40EB-914B-93C48A1E008F}"
EndProject
Global
	GlobalSection(SolutionConfigurationPlatforms) = preSolution
		Debug|Any CPU = Debug|Any CPU
		Release|Any CPU = Release|Any CPU
	EndGlobalSection
	GlobalSection(ProjectConfigurationPlatforms) = postSolution
		{09E3E890-4E1A-40EB-914B-93C48A1E008F}.Debug|Any CPU.ActiveCfg = Debug|Any CPU
		{09E3E890-4E1A-40EB-914B-93C48A1E008F}.Debug|Any CPU.Build.0 = Debug|Any CPU
		{09E3E890-4E1A-40EB-914B-93C48A1E008F}.Release|Any CPU.ActiveCfg = Release|Any CPU
		{09E3E890-4E1A-40EB-914B-93C48A1E008F}.Release|Any CPU.Build.0 = Release|Any CPU
	EndGlobalSection
	GlobalSection(SolutionProperties) = preSolution
		HideSolutionNode = FALSE
	EndGlobalSection
	GlobalSection(ExtensibilityGlobals) = postSolution
		SolutionGuid = {3D8956C1-BD54-46FB-B0F6-B0BC170B9411}
	EndGlobalSection
EndGlobal
