
Microsoft Visual Studio Solution File, Format Version 12.00
# Visual Studio Version 17
VisualStudioVersion = 17.8.34309.116
MinimumVisualStudioVersion = 10.0.40219.1
Project("{FAE04EC0-301F-11D3-BF4B-00C04F79EFBC}") = "Exercicio23_Classes", "Exercicio23_Classes\Exercicio23_Classes.csproj", "{106A1495-697C-4228-9310-25CB308D55EB}"
EndProject
Global
	GlobalSection(SolutionConfigurationPlatforms) = preSolution
		Debug|Any CPU = Debug|Any CPU
		Release|Any CPU = Release|Any CPU
	EndGlobalSection
	GlobalSection(ProjectConfigurationPlatforms) = postSolution
		{106A1495-697C-4228-9310-25CB308D55EB}.Debug|Any CPU.ActiveCfg = Debug|Any CPU
		{106A1495-697C-4228-9310-25CB308D55EB}.Debug|Any CPU.Build.0 = Debug|Any CPU
		{106A1495-697C-4228-9310-25CB308D55EB}.Release|Any CPU.ActiveCfg = Release|Any CPU
		{106A1495-697C-4228-9310-25CB308D55EB}.Release|Any CPU.Build.0 = Release|Any CPU
	EndGlobalSection
	GlobalSection(SolutionProperties) = preSolution
		HideSolutionNode = FALSE
	EndGlobalSection
	GlobalSection(ExtensibilityGlobals) = postSolution
		SolutionGuid = {7B2DFDE5-69E0-49DC-952C-6D76A4F1C397}
	EndGlobalSection
EndGlobal
