
Microsoft Visual Studio Solution File, Format Version 12.00
# Visual Studio Version 17
VisualStudioVersion = 17.8.34316.72
MinimumVisualStudioVersion = 10.0.40219.1
Project("{FAE04EC0-301F-11D3-BF4B-00C04F79EFBC}") = "Properties", "Properties\Properties.csproj", "{EE8BB41D-6323-4708-B4B8-311B3901E59C}"
EndProject
Global
	GlobalSection(SolutionConfigurationPlatforms) = preSolution
		Debug|Any CPU = Debug|Any CPU
		Release|Any CPU = Release|Any CPU
	EndGlobalSection
	GlobalSection(ProjectConfigurationPlatforms) = postSolution
		{EE8BB41D-6323-4708-B4B8-311B3901E59C}.Debug|Any CPU.ActiveCfg = Debug|Any CPU
		{EE8BB41D-6323-4708-B4B8-311B3901E59C}.Debug|Any CPU.Build.0 = Debug|Any CPU
		{EE8BB41D-6323-4708-B4B8-311B3901E59C}.Release|Any CPU.ActiveCfg = Release|Any CPU
		{EE8BB41D-6323-4708-B4B8-311B3901E59C}.Release|Any CPU.Build.0 = Release|Any CPU
	EndGlobalSection
	GlobalSection(SolutionProperties) = preSolution
		HideSolutionNode = FALSE
	EndGlobalSection
	GlobalSection(ExtensibilityGlobals) = postSolution
		SolutionGuid = {FE571D41-068E-4407-B8ED-1FA16F11997D}
	EndGlobalSection
EndGlobal
