
Microsoft Visual Studio Solution File, Format Version 12.00
# Visual Studio Version 17
VisualStudioVersion = 17.8.34309.116
MinimumVisualStudioVersion = 10.0.40219.1
Project("{FAE04EC0-301F-11D3-BF4B-00C04F79EFBC}") = "Exercicio06", "Exercicio06\Exercicio06.csproj", "{C4799736-D3E4-4345-934C-6415A1D40131}"
EndProject
Global
	GlobalSection(SolutionConfigurationPlatforms) = preSolution
		Debug|Any CPU = Debug|Any CPU
		Release|Any CPU = Release|Any CPU
	EndGlobalSection
	GlobalSection(ProjectConfigurationPlatforms) = postSolution
		{C4799736-D3E4-4345-934C-6415A1D40131}.Debug|Any CPU.ActiveCfg = Debug|Any CPU
		{C4799736-D3E4-4345-934C-6415A1D40131}.Debug|Any CPU.Build.0 = Debug|Any CPU
		{C4799736-D3E4-4345-934C-6415A1D40131}.Release|Any CPU.ActiveCfg = Release|Any CPU
		{C4799736-D3E4-4345-934C-6415A1D40131}.Release|Any CPU.Build.0 = Release|Any CPU
	EndGlobalSection
	GlobalSection(SolutionProperties) = preSolution
		HideSolutionNode = FALSE
	EndGlobalSection
	GlobalSection(ExtensibilityGlobals) = postSolution
		SolutionGuid = {4C4238BE-1074-4D69-AB8B-1BD7A85176EC}
	EndGlobalSection
EndGlobal
