
Microsoft Visual Studio Solution File, Format Version 12.00
# Visual Studio Version 17
VisualStudioVersion = 17.8.34330.188
MinimumVisualStudioVersion = 10.0.40219.1
Project("{FAE04EC0-301F-11D3-BF4B-00C04F79EFBC}") = "Interface", "Interface\Interface.csproj", "{8A804AC6-0155-4C02-A3CF-DD1ED32A01DD}"
EndProject
Global
	GlobalSection(SolutionConfigurationPlatforms) = preSolution
		Debug|Any CPU = Debug|Any CPU
		Release|Any CPU = Release|Any CPU
	EndGlobalSection
	GlobalSection(ProjectConfigurationPlatforms) = postSolution
		{8A804AC6-0155-4C02-A3CF-DD1ED32A01DD}.Debug|Any CPU.ActiveCfg = Debug|Any CPU
		{8A804AC6-0155-4C02-A3CF-DD1ED32A01DD}.Debug|Any CPU.Build.0 = Debug|Any CPU
		{8A804AC6-0155-4C02-A3CF-DD1ED32A01DD}.Release|Any CPU.ActiveCfg = Release|Any CPU
		{8A804AC6-0155-4C02-A3CF-DD1ED32A01DD}.Release|Any CPU.Build.0 = Release|Any CPU
	EndGlobalSection
	GlobalSection(SolutionProperties) = preSolution
		HideSolutionNode = FALSE
	EndGlobalSection
	GlobalSection(ExtensibilityGlobals) = postSolution
		SolutionGuid = {587634C6-D418-415F-8F7D-D5BDC9A7C55C}
	EndGlobalSection
EndGlobal
