
Microsoft Visual Studio Solution File, Format Version 12.00
# Visual Studio Version 17
VisualStudioVersion = 17.8.34322.80
MinimumVisualStudioVersion = 10.0.40219.1
Project("{FAE04EC0-301F-11D3-BF4B-00C04F79EFBC}") = "ComposicaoObj", "ComposicaoObj\ComposicaoObj.csproj", "{15013694-29C9-413E-BA59-CF8B7BF7C878}"
EndProject
Global
	GlobalSection(SolutionConfigurationPlatforms) = preSolution
		Debug|Any CPU = Debug|Any CPU
		Release|Any CPU = Release|Any CPU
	EndGlobalSection
	GlobalSection(ProjectConfigurationPlatforms) = postSolution
		{15013694-29C9-413E-BA59-CF8B7BF7C878}.Debug|Any CPU.ActiveCfg = Debug|Any CPU
		{15013694-29C9-413E-BA59-CF8B7BF7C878}.Debug|Any CPU.Build.0 = Debug|Any CPU
		{15013694-29C9-413E-BA59-CF8B7BF7C878}.Release|Any CPU.ActiveCfg = Release|Any CPU
		{15013694-29C9-413E-BA59-CF8B7BF7C878}.Release|Any CPU.Build.0 = Release|Any CPU
	EndGlobalSection
	GlobalSection(SolutionProperties) = preSolution
		HideSolutionNode = FALSE
	EndGlobalSection
	GlobalSection(ExtensibilityGlobals) = postSolution
		SolutionGuid = {75C7E638-7CCE-4FB6-9203-4F26CC2CEDBD}
	EndGlobalSection
EndGlobal
