
Microsoft Visual Studio Solution File, Format Version 12.00
# Visual Studio Version 17
VisualStudioVersion = 17.8.34316.72
MinimumVisualStudioVersion = 10.0.40219.1
Project("{FAE04EC0-301F-11D3-BF4B-00C04F79EFBC}") = "Encapsulamento", "Encapsulamento\Encapsulamento.csproj", "{8B1D2374-C2A4-4466-BCE8-05751533879D}"
EndProject
Global
	GlobalSection(SolutionConfigurationPlatforms) = preSolution
		Debug|Any CPU = Debug|Any CPU
		Release|Any CPU = Release|Any CPU
	EndGlobalSection
	GlobalSection(ProjectConfigurationPlatforms) = postSolution
		{8B1D2374-C2A4-4466-BCE8-05751533879D}.Debug|Any CPU.ActiveCfg = Debug|Any CPU
		{8B1D2374-C2A4-4466-BCE8-05751533879D}.Debug|Any CPU.Build.0 = Debug|Any CPU
		{8B1D2374-C2A4-4466-BCE8-05751533879D}.Release|Any CPU.ActiveCfg = Release|Any CPU
		{8B1D2374-C2A4-4466-BCE8-05751533879D}.Release|Any CPU.Build.0 = Release|Any CPU
	EndGlobalSection
	GlobalSection(SolutionProperties) = preSolution
		HideSolutionNode = FALSE
	EndGlobalSection
	GlobalSection(ExtensibilityGlobals) = postSolution
		SolutionGuid = {F2EEA533-D4C1-4C4F-94F9-5B873C6174C0}
	EndGlobalSection
EndGlobal
